// !$*UTF8*$!
{
	archiveVersion = 1;
	classes = {
	};
	objectVersion = 77;
	objects = {

/* Begin PBXBuildFile section */
		2CD2BABF15648DF1BB940E24 /* PlayApp.swift in Sources */ = {isa = PBXBuildFile; fileRef = 092100B1BD76800F962310C8 /* PlayApp.swift */; };
		4AB7DD8FB5A497477AE0A05A /* Pow in Frameworks */ = {isa = PBXBuildFile; productRef = A012A7BB56C127E2981EBAA3 /* Pow */; };
		6770B37794B285E834F864D0 /* RheaKit in Frameworks */ = {isa = PBXBuildFile; productRef = 6E38F5D7AA4476F4EE7A802F /* RheaKit */; };
/* End PBXBuildFile section */

/* Begin PBXFileReference section */
		092100B1BD76800F962310C8 /* PlayApp.swift */ = {isa = PBXFileReference; lastKnownFileType = sourcecode.swift; path = PlayApp.swift; sourceTree = "<group>"; };
		6A116BB53A728995C7FC415E /* RheaPlay.app */ = {isa = PBXFileReference; explicitFileType = wrapper.application; includeInIndex = 0; path = RheaPlay.app; sourceTree = BUILT_PRODUCTS_DIR; };
		C51F3C504071D94178F930DC /* RheaKit */ = {isa = PBXFileReference; lastKnownFileType = folder; name = RheaKit; path = ../packages/RheaKit; sourceTree = SOURCE_ROOT; };
/* End PBXFileReference section */

/* Begin PBXFrameworksBuildPhase section */
		86B00590C91F3CAAFF9BB379 /* Frameworks */ = {
			isa = PBXFrameworksBuildPhase;
			buildActionMask = 2147483647;
			files = (
				6770B37794B285E834F864D0 /* RheaKit in Frameworks */,
				4AB7DD8FB5A497477AE0A05A /* Pow in Frameworks */,
			);
			runOnlyForDeploymentPostprocessing = 0;
		};
/* End PBXFrameworksBuildPhase section */

/* Begin PBXGroup section */
		0DED3AE359AD742E58EED678 = {
			isa = PBXGroup;
			children = (
				3A5113F5B6B3A0FBD969E56B /* Packages */,
				5C897EF8743137DC71727B32 /* Sources */,
				E5A2BDAF42B70E76EA90C4EC /* Products */,
			);
			sourceTree = "<group>";
		};
		3A5113F5B6B3A0FBD969E56B /* Packages */ = {
			isa = PBXGroup;
			children = (
				C51F3C504071D94178F930DC /* RheaKit */,
			);
			name = Packages;
			sourceTree = "<group>";
		};
		5C897EF8743137DC71727B32 /* Sources */ = {
			isa = PBXGroup;
			children = (
				092100B1BD76800F962310C8 /* PlayApp.swift */,
			);
			path = Sources;
			sourceTree = "<group>";
		};
		E5A2BDAF42B70E76EA90C4EC /* Products */ = {
			isa = PBXGroup;
			children = (
				6A116BB53A728995C7FC415E /* RheaPlay.app */,
			);
			name = Products;
			sourceTree = "<group>";
		};
/* End PBXGroup section */

/* Begin PBXNativeTarget section */
		CAA6C767DB2D441E84B01C2D /* RheaPlay */ = {
			isa = PBXNativeTarget;
			buildConfigurationList = 4C5A7D62A8D3DB3A0F11CBAF /* Build configuration list for PBXNativeTarget "RheaPlay" */;
			buildPhases = (
				82724C4F4CFDBE3E6E34681A /* Sources */,
				86B00590C91F3CAAFF9BB379 /* Frameworks */,
			);
			buildRules = (
			);
			dependencies = (
			);
			name = RheaPlay;
			packageProductDependencies = (
				6E38F5D7AA4476F4EE7A802F /* RheaKit */,
				A012A7BB56C127E2981EBAA3 /* Pow */,
			);
			productName = RheaPlay;
			productReference = 6A116BB53A728995C7FC415E /* RheaPlay.app */;
			productType = "com.apple.product-type.application";
		};
/* End PBXNativeTarget section */

/* Begin PBXProject section */
		80D4C79ECB226B07D1CD09F4 /* Project object */ = {
			isa = PBXProject;
			attributes = {
				BuildIndependentTargetsInParallel = YES;
				LastUpgradeCheck = 2620;
				TargetAttributes = {
					CAA6C767DB2D441E84B01C2D = {
						DevelopmentTeam = 398XACWZ7G;
						ProvisioningStyle = Automatic;
					};
				};
			};
			buildConfigurationList = FB42F5C83DBDEDB12B72B635 /* Build configuration list for PBXProject "RheaPlay" */;
			compatibilityVersion = "Xcode 14.0";
			developmentRegion = en;
			hasScannedForEncodings = 0;
			knownRegions = (
				Base,
				en,
			);
			mainGroup = 0DED3AE359AD742E58EED678;
			minimizedProjectReferenceProxies = 1;
			packageReferences = (
				4C88D66C1A6B5FBC2D67381A /* XCRemoteSwiftPackageReference "Pow" */,
				863C6FE8E1FB73A0ABC587E4 /* XCLocalSwiftPackageReference "../packages/RheaKit" */,
			);
			preferredProjectObjectVersion = 77;
			projectDirPath = "";
			projectRoot = "";
			targets = (
				CAA6C767DB2D441E84B01C2D /* RheaPlay */,
			);
		};
/* End PBXProject section */

/* Begin PBXSourcesBuildPhase section */
		82724C4F4CFDBE3E6E34681A /* Sources */ = {
			isa = PBXSourcesBuildPhase;
			buildActionMask = 2147483647;
			files = (
				2CD2BABF15648DF1BB940E24 /* PlayApp.swift in Sources */,
			);
			runOnlyForDeploymentPostprocessing = 0;
		};
/* End PBXSourcesBuildPhase section */

/* Begin XCBuildConfiguration section */
		94A45EB13D21B1C5B62B92C4 /* Debug */ = {
			isa = XCBuildConfiguration;
			buildSettings = {
				ASSETCATALOG_COMPILER_APPICON_NAME = AppIcon;
				CODE_SIGN_STYLE = Automatic;
				COMBINE_HIDPI_IMAGES = YES;
				CURRENT_PROJECT_VERSION = 1;
				DEVELOPMENT_TEAM = 398XACWZ7G;
				INFOPLIST_FILE = Info.plist;
				LD_RUNPATH_SEARCH_PATHS = (
					"$(inherited)",
					"@executable_path/../Frameworks",
				);
				MACOSX_DEPLOYMENT_TARGET = 14.0;
				MARKETING_VERSION = 1.0;
				PRODUCT_BUNDLE_IDENTIFIER = com.rhea.play;
				SDKROOT = macosx;
				SWIFT_VERSION = 5.9;
			};
			name = Debug;
		};
		A4B7617F3F80BFF96E1DBD00 /* Release */ = {
			isa = XCBuildConfiguration;
			buildSettings = {
				ASSETCATALOG_COMPILER_APPICON_NAME = AppIcon;
				CODE_SIGN_STYLE = Automatic;
				COMBINE_HIDPI_IMAGES = YES;
				CURRENT_PROJECT_VERSION = 1;
				DEVELOPMENT_TEAM = 398XACWZ7G;
				INFOPLIST_FILE = Info.plist;
				LD_RUNPATH_SEARCH_PATHS = (
					"$(inherited)",
					"@executable_path/../Frameworks",
				);
				MACOSX_DEPLOYMENT_TARGET = 14.0;
				MARKETING_VERSION = 1.0;
				PRODUCT_BUNDLE_IDENTIFIER = com.rhea.play;
				SDKROOT = macosx;
				SWIFT_VERSION = 5.9;
			};
			name = Release;
		};
		CDAECC35F516A70B355CD543 /* Release */ = {
			isa = XCBuildConfiguration;
			buildSettings = {
				ALWAYS_SEARCH_USER_PATHS = NO;
				CLANG_ANALYZER_NONNULL = YES;
				CLANG_ANALYZER_NUMBER_OBJECT_CONVERSION = YES_AGGRESSIVE;
				CLANG_CXX_LANGUAGE_STANDARD = "gnu++14";
				CLANG_CXX_LIBRARY = "libc++";
				CLANG_ENABLE_MODULES = YES;
				CLANG_ENABLE_OBJC_ARC = YES;
				CLANG_ENABLE_OBJC_WEAK = YES;
				CLANG_WARN_BLOCK_CAPTURE_AUTORELEASING = YES;
				CLANG_WARN_BOOL_CONVERSION = YES;
				CLANG_WARN_COMMA = YES;
				CLANG_WARN_CONSTANT_CONVERSION = YES;
				CLANG_WARN_DEPRECATED_OBJC_IMPLEMENTATIONS = YES;
				CLANG_WARN_DIRECT_OBJC_ISA_USAGE = YES_ERROR;
				CLANG_WARN_DOCUMENTATION_COMMENTS = YES;
				CLANG_WARN_EMPTY_BODY = YES;
				CLANG_WARN_ENUM_CONVERSION = YES;
				CLANG_WARN_INFINITE_RECURSION = YES;
				CLANG_WARN_INT_CONVERSION = YES;
				CLANG_WARN_NON_LITERAL_NULL_CONVERSION = YES;
				CLANG_WARN_OBJC_IMPLICIT_RETAIN_SELF = YES;
				CLANG_WARN_OBJC_LITERAL_CONVERSION = YES;
				CLANG_WARN_OBJC_ROOT_CLASS = YES_ERROR;
				CLANG_WARN_QUOTED_INCLUDE_IN_FRAMEWORK_HEADER = YES;
				CLANG_WARN_RANGE_LOOP_ANALYSIS = YES;
				CLANG_WARN_STRICT_PROTOTYPES = YES;
				CLANG_WARN_SUSPICIOUS_MOVE = YES;
				CLANG_WARN_UNGUARDED_AVAILABILITY = YES_AGGRESSIVE;
				CLANG_WARN_UNREACHABLE_CODE = YES;
				CLANG_WARN__DUPLICATE_METHOD_MATCH = YES;
				COPY_PHASE_STRIP = NO;
				DEBUG_INFORMATION_FORMAT = "dwarf-with-dsym";
				ENABLE_NS_ASSERTIONS = NO;
				ENABLE_STRICT_OBJC_MSGSEND = YES;
				GCC_C_LANGUAGE_STANDARD = gnu11;
				GCC_NO_COMMON_BLOCKS = YES;
				GCC_WARN_64_TO_32_BIT_CONVERSION = YES;
				GCC_WARN_ABOUT_RETURN_TYPE = YES_ERROR;
				GCC_WARN_UNDECLARED_SELECTOR = YES;
				GCC_WARN_UNINITIALIZED_AUTOS = YES_AGGRESSIVE;
				GCC_WARN_UNUSED_FUNCTION = YES;
				GCC_WARN_UNUSED_VARIABLE = YES;
				MACOSX_DEPLOYMENT_TARGET = 14.0;
				MTL_ENABLE_DEBUG_INFO = NO;
				MTL_FAST_MATH = YES;
				PRODUCT_NAME = "$(TARGET_NAME)";
				SDKROOT = macosx;
				SWIFT_COMPILATION_MODE = wholemodule;
				SWIFT_OPTIMIZATION_LEVEL = "-O";
				SWIFT_VERSION = 5.0;
			};
			name = Release;
		};
		D7425AAB132AB27703FB6E65 /* Debug */ = {
			isa = XCBuildConfiguration;
			buildSettings = {
				ALWAYS_SEARCH_USER_PATHS = NO;
				CLANG_ANALYZER_NONNULL = YES;
				CLANG_ANALYZER_NUMBER_OBJECT_CONVERSION = YES_AGGRESSIVE;
				CLANG_CXX_LANGUAGE_STANDARD = "gnu++14";
				CLANG_CXX_LIBRARY = "libc++";
				CLANG_ENABLE_MODULES = YES;
				CLANG_ENABLE_OBJC_ARC = YES;
				CLANG_ENABLE_OBJC_WEAK = YES;
				CLANG_WARN_BLOCK_CAPTURE_AUTORELEASING = YES;
				CLANG_WARN_BOOL_CONVERSION = YES;
				CLANG_WARN_COMMA = YES;
				CLANG_WARN_CONSTANT_CONVERSION = YES;
				CLANG_WARN_DEPRECATED_OBJC_IMPLEMENTATIONS = YES;
				CLANG_WARN_DIRECT_OBJC_ISA_USAGE = YES_ERROR;
				CLANG_WARN_DOCUMENTATION_COMMENTS = YES;
				CLANG_WARN_EMPTY_BODY = YES;
				CLANG_WARN_ENUM_CONVERSION = YES;
				CLANG_WARN_INFINITE_RECURSION = YES;
				CLANG_WARN_INT_CONVERSION = YES;
				CLANG_WARN_NON_LITERAL_NULL_CONVERSION = YES;
				CLANG_WARN_OBJC_IMPLICIT_RETAIN_SELF = YES;
				CLANG_WARN_OBJC_LITERAL_CONVERSION = YES;
				CLANG_WARN_OBJC_ROOT_CLASS = YES_ERROR;
				CLANG_WARN_QUOTED_INCLUDE_IN_FRAMEWORK_HEADER = YES;
				CLANG_WARN_RANGE_LOOP_ANALYSIS = YES;
				CLANG_WARN_STRICT_PROTOTYPES = YES;
				CLANG_WARN_SUSPICIOUS_MOVE = YES;
				CLANG_WARN_UNGUARDED_AVAILABILITY = YES_AGGRESSIVE;
				CLANG_WARN_UNREACHABLE_CODE = YES;
				CLANG_WARN__DUPLICATE_METHOD_MATCH = YES;
				COPY_PHASE_STRIP = NO;
				DEBUG_INFORMATION_FORMAT = dwarf;
				ENABLE_STRICT_OBJC_MSGSEND = YES;
				ENABLE_TESTABILITY = YES;
				GCC_C_LANGUAGE_STANDARD = gnu11;
				GCC_DYNAMIC_NO_PIC = NO;
				GCC_NO_COMMON_BLOCKS = YES;
				GCC_OPTIMIZATION_LEVEL = 0;
				GCC_PREPROCESSOR_DEFINITIONS = (
					"$(inherited)",
					"DEBUG=1",
				);
				GCC_WARN_64_TO_32_BIT_CONVERSION = YES;
				GCC_WARN_ABOUT_RETURN_TYPE = YES_ERROR;
				GCC_WARN_UNDECLARED_SELECTOR = YES;
				GCC_WARN_UNINITIALIZED_AUTOS = YES_AGGRESSIVE;
				GCC_WARN_UNUSED_FUNCTION = YES;
				GCC_WARN_UNUSED_VARIABLE = YES;
				MACOSX_DEPLOYMENT_TARGET = 14.0;
				MTL_ENABLE_DEBUG_INFO = INCLUDE_SOURCE;
				MTL_FAST_MATH = YES;
				ONLY_ACTIVE_ARCH = YES;
				PRODUCT_NAME = "$(TARGET_NAME)";
				SDKROOT = macosx;
				SWIFT_ACTIVE_COMPILATION_CONDITIONS = DEBUG;
				SWIFT_OPTIMIZATION_LEVEL = "-Onone";
				SWIFT_VERSION = 5.0;
			};
			name = Debug;
		};
/* End XCBuildConfiguration section */

/* Begin XCConfigurationList section */
		4C5A7D62A8D3DB3A0F11CBAF /* Build configuration list for PBXNativeTarget "RheaPlay" */ = {
			isa = XCConfigurationList;
			buildConfigurations = (
				94A45EB13D21B1C5B62B92C4 /* Debug */,
				A4B7617F3F80BFF96E1DBD00 /* Release */,
			);
			defaultConfigurationIsVisible = 0;
			defaultConfigurationName = Debug;
		};
		FB42F5C83DBDEDB12B72B635 /* Build configuration list for PBXProject "RheaPlay" */ = {
			isa = XCConfigurationList;
			buildConfigurations = (
				D7425AAB132AB27703FB6E65 /* Debug */,
				CDAECC35F516A70B355CD543 /* Release */,
			);
			defaultConfigurationIsVisible = 0;
			defaultConfigurationName = Debug;
		};
/* End XCConfigurationList section */

/* Begin XCLocalSwiftPackageReference section */
		863C6FE8E1FB73A0ABC587E4 /* XCLocalSwiftPackageReference "../packages/RheaKit" */ = {
			isa = XCLocalSwiftPackageReference;
			relativePath = ../packages/RheaKit;
		};
/* End XCLocalSwiftPackageReference section */

/* Begin XCRemoteSwiftPackageReference section */
		4C88D66C1A6B5FBC2D67381A /* XCRemoteSwiftPackageReference "Pow" */ = {
			isa = XCRemoteSwiftPackageReference;
			repositoryURL = "https://github.com/serg-alexv/Pow";
			requirement = {
				kind = upToNextMajorVersion;
				minimumVersion = 1.0.0;
			};
		};
/* End XCRemoteSwiftPackageReference section */

/* Begin XCSwiftPackageProductDependency section */
		6E38F5D7AA4476F4EE7A802F /* RheaKit */ = {
			isa = XCSwiftPackageProductDependency;
			productName = RheaKit;
		};
		A012A7BB56C127E2981EBAA3 /* Pow */ = {
			isa = XCSwiftPackageProductDependency;
			package = 4C88D66C1A6B5FBC2D67381A /* XCRemoteSwiftPackageReference "Pow" */;
			productName = Pow;
		};
/* End XCSwiftPackageProductDependency section */
	};
	rootObject = 80D4C79ECB226B07D1CD09F4 /* Project object */;
}
